
Microsoft Visual Studio Solution File, Format Version 12.00
Project("{FAE04EC0-301F-11D3-BF4B-00C04F79EFBC}") = "Penguinwatch", "Penguinwatch\Penguinwatch.csproj", "{ACC801BF-430D-403C-8296-956C8EAAA625}"
EndProject
Project("{FAE04EC0-301F-11D3-BF4B-00C04F79EFBC}") = "Penguinwatch.Tests", "Penguinwatch.Tests\Penguinwatch.Tests.csproj", "{C4ACCF69-85CD-4476-8E7C-D706C7A17A0C}"
EndProject
Global
	GlobalSection(SolutionConfigurationPlatforms) = preSolution
		Debug|Any CPU = Debug|Any CPU
		Release|Any CPU = Release|Any CPU
	EndGlobalSection
	GlobalSection(ProjectConfigurationPlatforms) = postSolution
		{ACC801BF-430D-403C-8296-956C8EAAA625}.Debug|Any CPU.ActiveCfg = Debug|Any CPU
		{ACC801BF-430D-403C-8296-956C8EAAA625}.Debug|Any CPU.Build.0 = Debug|Any CPU
		{ACC801BF-430D-403C-8296-956C8EAAA625}.Release|Any CPU.ActiveCfg = Release|Any CPU
		{ACC801BF-430D-403C-8296-956C8EAAA625}.Release|Any CPU.Build.0 = Release|Any CPU
		{C4ACCF69-85CD-4476-8E7C-D706C7A17A0C}.Debug|Any CPU.ActiveCfg = Debug|Any CPU
		{C4ACCF69-85CD-4476-8E7C-D706C7A17A0C}.Debug|Any CPU.Build.0 = Debug|Any CPU
		{C4ACCF69-85CD-4476-8E7C-D706C7A17A0C}.Release|Any CPU.ActiveCfg = Release|Any CPU
		{C4ACCF69-85CD-4476-8E7C-D706C7A17A0C}.Release|Any CPU.Build.0 = Release|Any CPU
	EndGlobalSection
EndGlobal
